// !$*UTF8*$!
{
	archiveVersion = 1;
	classes = {
	};
	objectVersion = 48;
	objects = {

/* Begin PBXBuildFile section */
		0BCAC6A683E500D4DD06853E /* Pods_taskapp.framework in Frameworks */ = {isa = PBXBuildFile; fileRef = AC55D88013F85619DD447915 /* Pods_taskapp.framework */; };
		189B4F18208485F6004450DD /* CategoryViewController.swift in Sources */ = {isa = PBXBuildFile; fileRef = 189B4F17208485F6004450DD /* CategoryViewController.swift */; };
		18B0410E205BB04A005A4B18 /* DataModel.swift in Sources */ = {isa = PBXBuildFile; fileRef = 18B0410D205BB04A005A4B18 /* DataModel.swift */; };
		18E784BA205A0B250043A420 /* AppDelegate.swift in Sources */ = {isa = PBXBuildFile; fileRef = 18E784B9205A0B250043A420 /* AppDelegate.swift */; };
		18E784BC205A0B250043A420 /* ViewController.swift in Sources */ = {isa = PBXBuildFile; fileRef = 18E784BB205A0B250043A420 /* ViewController.swift */; };
		18E784BF205A0B250043A420 /* Main.storyboard in Resources */ = {isa = PBXBuildFile; fileRef = 18E784BD205A0B250043A420 /* Main.storyboard */; };
		18E784C1205A0B250043A420 /* Assets.xcassets in Resources */ = {isa = PBXBuildFile; fileRef = 18E784C0205A0B250043A420 /* Assets.xcassets */; };
		18E784C4205A0B250043A420 /* LaunchScreen.storyboard in Resources */ = {isa = PBXBuildFile; fileRef = 18E784C2205A0B250043A420 /* LaunchScreen.storyboard */; };
		18E784CF205A0B260043A420 /* taskappTests.swift in Sources */ = {isa = PBXBuildFile; fileRef = 18E784CE205A0B260043A420 /* taskappTests.swift */; };
		18E784DA205A0B260043A420 /* taskappUITests.swift in Sources */ = {isa = PBXBuildFile; fileRef = 18E784D9205A0B260043A420 /* taskappUITests.swift */; };
		18E784E8205A65AE0043A420 /* InputViewController.swift in Sources */ = {isa = PBXBuildFile; fileRef = 18E784E7205A65AE0043A420 /* InputViewController.swift */; };
/* End PBXBuildFile section */

/* Begin PBXContainerItemProxy section */
		18E784CB205A0B260043A420 /* PBXContainerItemProxy */ = {
			isa = PBXContainerItemProxy;
			containerPortal = 18E784AE205A0B250043A420 /* Project object */;
			proxyType = 1;
			remoteGlobalIDString = 18E784B5205A0B250043A420;
			remoteInfo = taskapp;
		};
		18E784D6205A0B260043A420 /* PBXContainerItemProxy */ = {
			isa = PBXContainerItemProxy;
			containerPortal = 18E784AE205A0B250043A420 /* Project object */;
			proxyType = 1;
			remoteGlobalIDString = 18E784B5205A0B250043A420;
			remoteInfo = taskapp;
		};
/* End PBXContainerItemProxy section */

/* Begin PBXFileReference section */
		189B4F17208485F6004450DD /* CategoryViewController.swift */ = {isa = PBXFileReference; lastKnownFileType = sourcecode.swift; path = CategoryViewController.swift; sourceTree = "<group>"; };
		18B0410D205BB04A005A4B18 /* DataModel.swift */ = {isa = PBXFileReference; lastKnownFileType = sourcecode.swift; path = DataModel.swift; sourceTree = "<group>"; };
		18E784B6205A0B250043A420 /* taskapp.app */ = {isa = PBXFileReference; explicitFileType = wrapper.application; includeInIndex = 0; path = taskapp.app; sourceTree = BUILT_PRODUCTS_DIR; };
		18E784B9205A0B250043A420 /* AppDelegate.swift */ = {isa = PBXFileReference; lastKnownFileType = sourcecode.swift; path = AppDelegate.swift; sourceTree = "<group>"; };
		18E784BB205A0B250043A420 /* ViewController.swift */ = {isa = PBXFileReference; lastKnownFileType = sourcecode.swift; path = ViewController.swift; sourceTree = "<group>"; };
		18E784BE205A0B250043A420 /* Base */ = {isa = PBXFileReference; lastKnownFileType = file.storyboard; name = Base; path = Base.lproj/Main.storyboard; sourceTree = "<group>"; };
		18E784C0205A0B250043A420 /* Assets.xcassets */ = {isa = PBXFileReference; lastKnownFileType = folder.assetcatalog; path = Assets.xcassets; sourceTree = "<group>"; };
		18E784C3205A0B250043A420 /* Base */ = {isa = PBXFileReference; lastKnownFileType = file.storyboard; name = Base; path = Base.lproj/LaunchScreen.storyboard; sourceTree = "<group>"; };
		18E784C5205A0B250043A420 /* Info.plist */ = {isa = PBXFileReference; lastKnownFileType = text.plist.xml; path = Info.plist; sourceTree = "<group>"; };
		18E784CA205A0B260043A420 /* taskappTests.xctest */ = {isa = PBXFileReference; explicitFileType = wrapper.cfbundle; includeInIndex = 0; path = taskappTests.xctest; sourceTree = BUILT_PRODUCTS_DIR; };
		18E784CE205A0B260043A420 /* taskappTests.swift */ = {isa = PBXFileReference; lastKnownFileType = sourcecode.swift; path = taskappTests.swift; sourceTree = "<group>"; };
		18E784D0205A0B260043A420 /* Info.plist */ = {isa = PBXFileReference; lastKnownFileType = text.plist.xml; path = Info.plist; sourceTree = "<group>"; };
		18E784D5205A0B260043A420 /* taskappUITests.xctest */ = {isa = PBXFileReference; explicitFileType = wrapper.cfbundle; includeInIndex = 0; path = taskappUITests.xctest; sourceTree = BUILT_PRODUCTS_DIR; };
		18E784D9205A0B260043A420 /* taskappUITests.swift */ = {isa = PBXFileReference; lastKnownFileType = sourcecode.swift; path = taskappUITests.swift; sourceTree = "<group>"; };
		18E784DB205A0B260043A420 /* Info.plist */ = {isa = PBXFileReference; lastKnownFileType = text.plist.xml; path = Info.plist; sourceTree = "<group>"; };
		18E784E7205A65AE0043A420 /* InputViewController.swift */ = {isa = PBXFileReference; lastKnownFileType = sourcecode.swift; path = InputViewController.swift; sourceTree = "<group>"; };
		9A91F181F257AE75B6C27068 /* Pods-taskapp.debug.xcconfig */ = {isa = PBXFileReference; includeInIndex = 1; lastKnownFileType = text.xcconfig; name = "Pods-taskapp.debug.xcconfig"; path = "Pods/Target Support Files/Pods-taskapp/Pods-taskapp.debug.xcconfig"; sourceTree = "<group>"; };
		AC55D88013F85619DD447915 /* Pods_taskapp.framework */ = {isa = PBXFileReference; explicitFileType = wrapper.framework; includeInIndex = 0; path = Pods_taskapp.framework; sourceTree = BUILT_PRODUCTS_DIR; };
		FD7349C05CFDF88968BDC380 /* Pods-taskapp.release.xcconfig */ = {isa = PBXFileReference; includeInIndex = 1; lastKnownFileType = text.xcconfig; name = "Pods-taskapp.release.xcconfig"; path = "Pods/Target Support Files/Pods-taskapp/Pods-taskapp.release.xcconfig"; sourceTree = "<group>"; };
/* End PBXFileReference section */

/* Begin PBXFrameworksBuildPhase section */
		18E784B3205A0B250043A420 /* Frameworks */ = {
			isa = PBXFrameworksBuildPhase;
			buildActionMask = 2147483647;
			files = (
				0BCAC6A683E500D4DD06853E /* Pods_taskapp.framework in Frameworks */,
			);
			runOnlyForDeploymentPostprocessing = 0;
		};
		18E784C7205A0B260043A420 /* Frameworks */ = {
			isa = PBXFrameworksBuildPhase;
			buildActionMask = 2147483647;
			files = (
			);
			runOnlyForDeploymentPostprocessing = 0;
		};
		18E784D2205A0B260043A420 /* Frameworks */ = {
			isa = PBXFrameworksBuildPhase;
			buildActionMask = 2147483647;
			files = (
			);
			runOnlyForDeploymentPostprocessing = 0;
		};
/* End PBXFrameworksBuildPhase section */

/* Begin PBXGroup section */
		18E784AD205A0B250043A420 = {
			isa = PBXGroup;
			children = (
				18E784B8205A0B250043A420 /* taskapp */,
				18E784CD205A0B260043A420 /* taskappTests */,
				18E784D8205A0B260043A420 /* taskappUITests */,
				18E784B7205A0B250043A420 /* Products */,
				DC995E268420EF9867B6D120 /* Pods */,
				C7D53BBE2F9766992E76C263 /* Frameworks */,
			);
			sourceTree = "<group>";
		};
		18E784B7205A0B250043A420 /* Products */ = {
			isa = PBXGroup;
			children = (
				18E784B6205A0B250043A420 /* taskapp.app */,
				18E784CA205A0B260043A420 /* taskappTests.xctest */,
				18E784D5205A0B260043A420 /* taskappUITests.xctest */,
			);
			name = Products;
			sourceTree = "<group>";
		};
		18E784B8205A0B250043A420 /* taskapp */ = {
			isa = PBXGroup;
			children = (
				18E784E7205A65AE0043A420 /* InputViewController.swift */,
				18E784B9205A0B250043A420 /* AppDelegate.swift */,
				18E784BB205A0B250043A420 /* ViewController.swift */,
				18E784BD205A0B250043A420 /* Main.storyboard */,
				18E784C0205A0B250043A420 /* Assets.xcassets */,
				18E784C2205A0B250043A420 /* LaunchScreen.storyboard */,
				18E784C5205A0B250043A420 /* Info.plist */,
				18B0410D205BB04A005A4B18 /* DataModel.swift */,
				189B4F17208485F6004450DD /* CategoryViewController.swift */,
			);
			path = taskapp;
			sourceTree = "<group>";
		};
		18E784CD205A0B260043A420 /* taskappTests */ = {
			isa = PBXGroup;
			children = (
				18E784CE205A0B260043A420 /* taskappTests.swift */,
				18E784D0205A0B260043A420 /* Info.plist */,
			);
			path = taskappTests;
			sourceTree = "<group>";
		};
		18E784D8205A0B260043A420 /* taskappUITests */ = {
			isa = PBXGroup;
			children = (
				18E784D9205A0B260043A420 /* taskappUITests.swift */,
				18E784DB205A0B260043A420 /* Info.plist */,
			);
			path = taskappUITests;
			sourceTree = "<group>";
		};
		C7D53BBE2F9766992E76C263 /* Frameworks */ = {
			isa = PBXGroup;
			children = (
				AC55D88013F85619DD447915 /* Pods_taskapp.framework */,
			);
			name = Frameworks;
			sourceTree = "<group>";
		};
		DC995E268420EF9867B6D120 /* Pods */ = {
			isa = PBXGroup;
			children = (
				9A91F181F257AE75B6C27068 /* Pods-taskapp.debug.xcconfig */,
				FD7349C05CFDF88968BDC380 /* Pods-taskapp.release.xcconfig */,
			);
			name = Pods;
			sourceTree = "<group>";
		};
/* End PBXGroup section */

/* Begin PBXNativeTarget section */
		18E784B5205A0B250043A420 /* taskapp */ = {
			isa = PBXNativeTarget;
			buildConfigurationList = 18E784DE205A0B260043A420 /* Build configuration list for PBXNativeTarget "taskapp" */;
			buildPhases = (
				79E813F96FFAD8808B904F04 /* [CP] Check Pods Manifest.lock */,
				18E784B2205A0B250043A420 /* Sources */,
				18E784B3205A0B250043A420 /* Frameworks */,
				18E784B4205A0B250043A420 /* Resources */,
				7AE4360A6A5E34521972DA35 /* [CP] Embed Pods Frameworks */,
				F651FC930D5680EEC950285E /* [CP] Copy Pods Resources */,
			);
			buildRules = (
			);
			dependencies = (
			);
			name = taskapp;
			productName = taskapp;
			productReference = 18E784B6205A0B250043A420 /* taskapp.app */;
			productType = "com.apple.product-type.application";
		};
		18E784C9205A0B260043A420 /* taskappTests */ = {
			isa = PBXNativeTarget;
			buildConfigurationList = 18E784E1205A0B260043A420 /* Build configuration list for PBXNativeTarget "taskappTests" */;
			buildPhases = (
				18E784C6205A0B260043A420 /* Sources */,
				18E784C7205A0B260043A420 /* Frameworks */,
				18E784C8205A0B260043A420 /* Resources */,
			);
			buildRules = (
			);
			dependencies = (
				18E784CC205A0B260043A420 /* PBXTargetDependency */,
			);
			name = taskappTests;
			productName = taskappTests;
			productReference = 18E784CA205A0B260043A420 /* taskappTests.xctest */;
			productType = "com.apple.product-type.bundle.unit-test";
		};
		18E784D4205A0B260043A420 /* taskappUITests */ = {
			isa = PBXNativeTarget;
			buildConfigurationList = 18E784E4205A0B260043A420 /* Build configuration list for PBXNativeTarget "taskappUITests" */;
			buildPhases = (
				18E784D1205A0B260043A420 /* Sources */,
				18E784D2205A0B260043A420 /* Frameworks */,
				18E784D3205A0B260043A420 /* Resources */,
			);
			buildRules = (
			);
			dependencies = (
				18E784D7205A0B260043A420 /* PBXTargetDependency */,
			);
			name = taskappUITests;
			productName = taskappUITests;
			productReference = 18E784D5205A0B260043A420 /* taskappUITests.xctest */;
			productType = "com.apple.product-type.bundle.ui-testing";
		};
/* End PBXNativeTarget section */

/* Begin PBXProject section */
		18E784AE205A0B250043A420 /* Project object */ = {
			isa = PBXProject;
			attributes = {
				LastSwiftUpdateCheck = 0920;
				LastUpgradeCheck = 0920;
				ORGANIZATIONNAME = toshibo;
				TargetAttributes = {
					18E784B5205A0B250043A420 = {
						CreatedOnToolsVersion = 9.2;
						ProvisioningStyle = Automatic;
					};
					18E784C9205A0B260043A420 = {
						CreatedOnToolsVersion = 9.2;
						ProvisioningStyle = Automatic;
						TestTargetID = 18E784B5205A0B250043A420;
					};
					18E784D4205A0B260043A420 = {
						CreatedOnToolsVersion = 9.2;
						ProvisioningStyle = Automatic;
						TestTargetID = 18E784B5205A0B250043A420;
					};
				};
			};
			buildConfigurationList = 18E784B1205A0B250043A420 /* Build configuration list for PBXProject "taskapp" */;
			compatibilityVersion = "Xcode 8.0";
			developmentRegion = en;
			hasScannedForEncodings = 0;
			knownRegions = (
				en,
				Base,
			);
			mainGroup = 18E784AD205A0B250043A420;
			productRefGroup = 18E784B7205A0B250043A420 /* Products */;
			projectDirPath = "";
			projectRoot = "";
			targets = (
				18E784B5205A0B250043A420 /* taskapp */,
				18E784C9205A0B260043A420 /* taskappTests */,
				18E784D4205A0B260043A420 /* taskappUITests */,
			);
		};
/* End PBXProject section */

/* Begin PBXResourcesBuildPhase section */
		18E784B4205A0B250043A420 /* Resources */ = {
			isa = PBXResourcesBuildPhase;
			buildActionMask = 2147483647;
			files = (
				18E784C4205A0B250043A420 /* LaunchScreen.storyboard in Resources */,
				18E784C1205A0B250043A420 /* Assets.xcassets in Resources */,
				18E784BF205A0B250043A420 /* Main.storyboard in Resources */,
			);
			runOnlyForDeploymentPostprocessing = 0;
		};
		18E784C8205A0B260043A420 /* Resources */ = {
			isa = PBXResourcesBuildPhase;
			buildActionMask = 2147483647;
			files = (
			);
			runOnlyForDeploymentPostprocessing = 0;
		};
		18E784D3205A0B260043A420 /* Resources */ = {
			isa = PBXResourcesBuildPhase;
			buildActionMask = 2147483647;
			files = (
			);
			runOnlyForDeploymentPostprocessing = 0;
		};
/* End PBXResourcesBuildPhase section */

/* Begin PBXShellScriptBuildPhase section */
		79E813F96FFAD8808B904F04 /* [CP] Check Pods Manifest.lock */ = {
			isa = PBXShellScriptBuildPhase;
			buildActionMask = 2147483647;
			files = (
			);
			inputPaths = (
				"${PODS_PODFILE_DIR_PATH}/Podfile.lock",
				"${PODS_ROOT}/Manifest.lock",
			);
			name = "[CP] Check Pods Manifest.lock";
			outputPaths = (
				"$(DERIVED_FILE_DIR)/Pods-taskapp-checkManifestLockResult.txt",
			);
			runOnlyForDeploymentPostprocessing = 0;
			shellPath = /bin/sh;
			shellScript = "diff \"${PODS_PODFILE_DIR_PATH}/Podfile.lock\" \"${PODS_ROOT}/Manifest.lock\" > /dev/null\nif [ $? != 0 ] ; then\n    # print error to STDERR\n    echo \"error: The sandbox is not in sync with the Podfile.lock. Run 'pod install' or update your CocoaPods installation.\" >&2\n    exit 1\nfi\n# This output is used by Xcode 'outputs' to avoid re-running this script phase.\necho \"SUCCESS\" > \"${SCRIPT_OUTPUT_FILE_0}\"\n";
			showEnvVarsInLog = 0;
		};
		7AE4360A6A5E34521972DA35 /* [CP] Embed Pods Frameworks */ = {
			isa = PBXShellScriptBuildPhase;
			buildActionMask = 2147483647;
			files = (
			);
			inputPaths = (
				"${SRCROOT}/Pods/Target Support Files/Pods-taskapp/Pods-taskapp-frameworks.sh",
				"${BUILT_PRODUCTS_DIR}/Realm/Realm.framework",
				"${BUILT_PRODUCTS_DIR}/RealmSwift/RealmSwift.framework",
			);
			name = "[CP] Embed Pods Frameworks";
			outputPaths = (
				"${TARGET_BUILD_DIR}/${FRAMEWORKS_FOLDER_PATH}/Realm.framework",
				"${TARGET_BUILD_DIR}/${FRAMEWORKS_FOLDER_PATH}/RealmSwift.framework",
			);
			runOnlyForDeploymentPostprocessing = 0;
			shellPath = /bin/sh;
			shellScript = "\"${SRCROOT}/Pods/Target Support Files/Pods-taskapp/Pods-taskapp-frameworks.sh\"\n";
			showEnvVarsInLog = 0;
		};
		F651FC930D5680EEC950285E /* [CP] Copy Pods Resources */ = {
			isa = PBXShellScriptBuildPhase;
			buildActionMask = 2147483647;
			files = (
			);
			inputPaths = (
			);
			name = "[CP] Copy Pods Resources";
			outputPaths = (
			);
			runOnlyForDeploymentPostprocessing = 0;
			shellPath = /bin/sh;
			shellScript = "\"${SRCROOT}/Pods/Target Support Files/Pods-taskapp/Pods-taskapp-resources.sh\"\n";
			showEnvVarsInLog = 0;
		};
/* End PBXShellScriptBuildPhase section */

/* Begin PBXSourcesBuildPhase section */
		18E784B2205A0B250043A420 /* Sources */ = {
			isa = PBXSourcesBuildPhase;
			buildActionMask = 2147483647;
			files = (
				189B4F18208485F6004450DD /* CategoryViewController.swift in Sources */,
				18B0410E205BB04A005A4B18 /* DataModel.swift in Sources */,
				18E784E8205A65AE0043A420 /* InputViewController.swift in Sources */,
				18E784BC205A0B250043A420 /* ViewController.swift in Sources */,
				18E784BA205A0B250043A420 /* AppDelegate.swift in Sources */,
			);
			runOnlyForDeploymentPostprocessing = 0;
		};
		18E784C6205A0B260043A420 /* Sources */ = {
			isa = PBXSourcesBuildPhase;
			buildActionMask = 2147483647;
			files = (
				18E784CF205A0B260043A420 /* taskappTests.swift in Sources */,
			);
			runOnlyForDeploymentPostprocessing = 0;
		};
		18E784D1205A0B260043A420 /* Sources */ = {
			isa = PBXSourcesBuildPhase;
			buildActionMask = 2147483647;
			files = (
				18E784DA205A0B260043A420 /* taskappUITests.swift in Sources */,
			);
			runOnlyForDeploymentPostprocessing = 0;
		};
/* End PBXSourcesBuildPhase section */

/* Begin PBXTargetDependency section */
		18E784CC205A0B260043A420 /* PBXTargetDependency */ = {
			isa = PBXTargetDependency;
			target = 18E784B5205A0B250043A420 /* taskapp */;
			targetProxy = 18E784CB205A0B260043A420 /* PBXContainerItemProxy */;
		};
		18E784D7205A0B260043A420 /* PBXTargetDependency */ = {
			isa = PBXTargetDependency;
			target = 18E784B5205A0B250043A420 /* taskapp */;
			targetProxy = 18E784D6205A0B260043A420 /* PBXContainerItemProxy */;
		};
/* End PBXTargetDependency section */

/* Begin PBXVariantGroup section */
		18E784BD205A0B250043A420 /* Main.storyboard */ = {
			isa = PBXVariantGroup;
			children = (
				18E784BE205A0B250043A420 /* Base */,
			);
			name = Main.storyboard;
			sourceTree = "<group>";
		};
		18E784C2205A0B250043A420 /* LaunchScreen.storyboard */ = {
			isa = PBXVariantGroup;
			children = (
				18E784C3205A0B250043A420 /* Base */,
			);
			name = LaunchScreen.storyboard;
			sourceTree = "<group>";
		};
/* End PBXVariantGroup section */

/* Begin XCBuildConfiguration section */
		18E784DC205A0B260043A420 /* Debug */ = {
			isa = XCBuildConfiguration;
			buildSettings = {
				ALWAYS_SEARCH_USER_PATHS = NO;
				CLANG_ANALYZER_NONNULL = YES;
				CLANG_ANALYZER_NUMBER_OBJECT_CONVERSION = YES_AGGRESSIVE;
				CLANG_CXX_LANGUAGE_STANDARD = "gnu++14";
				CLANG_CXX_LIBRARY = "libc++";
				CLANG_ENABLE_MODULES = YES;
				CLANG_ENABLE_OBJC_ARC = YES;
				CLANG_WARN_BLOCK_CAPTURE_AUTORELEASING = YES;
				CLANG_WARN_BOOL_CONVERSION = YES;
				CLANG_WARN_COMMA = YES;
				CLANG_WARN_CONSTANT_CONVERSION = YES;
				CLANG_WARN_DIRECT_OBJC_ISA_USAGE = YES_ERROR;
				CLANG_WARN_DOCUMENTATION_COMMENTS = YES;
				CLANG_WARN_EMPTY_BODY = YES;
				CLANG_WARN_ENUM_CONVERSION = YES;
				CLANG_WARN_INFINITE_RECURSION = YES;
				CLANG_WARN_INT_CONVERSION = YES;
				CLANG_WARN_NON_LITERAL_NULL_CONVERSION = YES;
				CLANG_WARN_OBJC_LITERAL_CONVERSION = YES;
				CLANG_WARN_OBJC_ROOT_CLASS = YES_ERROR;
				CLANG_WARN_RANGE_LOOP_ANALYSIS = YES;
				CLANG_WARN_STRICT_PROTOTYPES = YES;
				CLANG_WARN_SUSPICIOUS_MOVE = YES;
				CLANG_WARN_UNGUARDED_AVAILABILITY = YES_AGGRESSIVE;
				CLANG_WARN_UNREACHABLE_CODE = YES;
				CLANG_WARN__DUPLICATE_METHOD_MATCH = YES;
				CODE_SIGN_IDENTITY = "iPhone Developer";
				COPY_PHASE_STRIP = NO;
				DEBUG_INFORMATION_FORMAT = dwarf;
				ENABLE_STRICT_OBJC_MSGSEND = YES;
				ENABLE_TESTABILITY = YES;
				GCC_C_LANGUAGE_STANDARD = gnu11;
				GCC_DYNAMIC_NO_PIC = NO;
				GCC_NO_COMMON_BLOCKS = YES;
				GCC_OPTIMIZATION_LEVEL = 0;
				GCC_PREPROCESSOR_DEFINITIONS = (
					"DEBUG=1",
					"$(inherited)",
				);
				GCC_WARN_64_TO_32_BIT_CONVERSION = YES;
				GCC_WARN_ABOUT_RETURN_TYPE = YES_ERROR;
				GCC_WARN_UNDECLARED_SELECTOR = YES;
				GCC_WARN_UNINITIALIZED_AUTOS = YES_AGGRESSIVE;
				GCC_WARN_UNUSED_FUNCTION = YES;
				GCC_WARN_UNUSED_VARIABLE = YES;
				IPHONEOS_DEPLOYMENT_TARGET = 11.2;
				MTL_ENABLE_DEBUG_INFO = YES;
				ONLY_ACTIVE_ARCH = YES;
				SDKROOT = iphoneos;
				SWIFT_ACTIVE_COMPILATION_CONDITIONS = DEBUG;
				SWIFT_OPTIMIZATION_LEVEL = "-Onone";
			};
			name = Debug;
		};
		18E784DD205A0B260043A420 /* Release */ = {
			isa = XCBuildConfiguration;
			buildSettings = {
				ALWAYS_SEARCH_USER_PATHS = NO;
				CLANG_ANALYZER_NONNULL = YES;
				CLANG_ANALYZER_NUMBER_OBJECT_CONVERSION = YES_AGGRESSIVE;
				CLANG_CXX_LANGUAGE_STANDARD = "gnu++14";
				CLANG_CXX_LIBRARY = "libc++";
				CLANG_ENABLE_MODULES = YES;
				CLANG_ENABLE_OBJC_ARC = YES;
				CLANG_WARN_BLOCK_CAPTURE_AUTORELEASING = YES;
				CLANG_WARN_BOOL_CONVERSION = YES;
				CLANG_WARN_COMMA = YES;
				CLANG_WARN_CONSTANT_CONVERSION = YES;
				CLANG_WARN_DIRECT_OBJC_ISA_USAGE = YES_ERROR;
				CLANG_WARN_DOCUMENTATION_COMMENTS = YES;
				CLANG_WARN_EMPTY_BODY = YES;
				CLANG_WARN_ENUM_CONVERSION = YES;
				CLANG_WARN_INFINITE_RECURSION = YES;
				CLANG_WARN_INT_CONVERSION = YES;
				CLANG_WARN_NON_LITERAL_NULL_CONVERSION = YES;
				CLANG_WARN_OBJC_LITERAL_CONVERSION = YES;
				CLANG_WARN_OBJC_ROOT_CLASS = YES_ERROR;
				CLANG_WARN_RANGE_LOOP_ANALYSIS = YES;
				CLANG_WARN_STRICT_PROTOTYPES = YES;
				CLANG_WARN_SUSPICIOUS_MOVE = YES;
				CLANG_WARN_UNGUARDED_AVAILABILITY = YES_AGGRESSIVE;
				CLANG_WARN_UNREACHABLE_CODE = YES;
				CLANG_WARN__DUPLICATE_METHOD_MATCH = YES;
				CODE_SIGN_IDENTITY = "iPhone Developer";
				COPY_PHASE_STRIP = NO;
				DEBUG_INFORMATION_FORMAT = "dwarf-with-dsym";
				ENABLE_NS_ASSERTIONS = NO;
				ENABLE_STRICT_OBJC_MSGSEND = YES;
				GCC_C_LANGUAGE_STANDARD = gnu11;
				GCC_NO_COMMON_BLOCKS = YES;
				GCC_WARN_64_TO_32_BIT_CONVERSION = YES;
				GCC_WARN_ABOUT_RETURN_TYPE = YES_ERROR;
				GCC_WARN_UNDECLARED_SELECTOR = YES;
				GCC_WARN_UNINITIALIZED_AUTOS = YES_AGGRESSIVE;
				GCC_WARN_UNUSED_FUNCTION = YES;
				GCC_WARN_UNUSED_VARIABLE = YES;
				IPHONEOS_DEPLOYMENT_TARGET = 11.2;
				MTL_ENABLE_DEBUG_INFO = NO;
				SDKROOT = iphoneos;
				SWIFT_OPTIMIZATION_LEVEL = "-Owholemodule";
				VALIDATE_PRODUCT = YES;
			};
			name = Release;
		};
		18E784DF205A0B260043A420 /* Debug */ = {
			isa = XCBuildConfiguration;
			baseConfigurationReference = 9A91F181F257AE75B6C27068 /* Pods-taskapp.debug.xcconfig */;
			buildSettings = {
				ASSETCATALOG_COMPILER_APPICON_NAME = AppIcon;
				CODE_SIGN_STYLE = Automatic;
				DEVELOPMENT_TEAM = AW86T5ZXXG;
				INFOPLIST_FILE = taskapp/Info.plist;
				LD_RUNPATH_SEARCH_PATHS = "$(inherited) @executable_path/Frameworks";
				PRODUCT_BUNDLE_IDENTIFIER = jp.techacademy.toshibo.taskapp;
				PRODUCT_NAME = "$(TARGET_NAME)";
				SWIFT_VERSION = 4.0;
				TARGETED_DEVICE_FAMILY = 1;
			};
			name = Debug;
		};
		18E784E0205A0B260043A420 /* Release */ = {
			isa = XCBuildConfiguration;
			baseConfigurationReference = FD7349C05CFDF88968BDC380 /* Pods-taskapp.release.xcconfig */;
			buildSettings = {
				ASSETCATALOG_COMPILER_APPICON_NAME = AppIcon;
				CODE_SIGN_STYLE = Automatic;
				DEVELOPMENT_TEAM = AW86T5ZXXG;
				INFOPLIST_FILE = taskapp/Info.plist;
				LD_RUNPATH_SEARCH_PATHS = "$(inherited) @executable_path/Frameworks";
				PRODUCT_BUNDLE_IDENTIFIER = jp.techacademy.toshibo.taskapp;
				PRODUCT_NAME = "$(TARGET_NAME)";
				SWIFT_VERSION = 4.0;
				TARGETED_DEVICE_FAMILY = 1;
			};
			name = Release;
		};
		18E784E2205A0B260043A420 /* Debug */ = {
			isa = XCBuildConfiguration;
			buildSettings = {
				ALWAYS_EMBED_SWIFT_STANDARD_LIBRARIES = YES;
				BUNDLE_LOADER = "$(TEST_HOST)";
				CODE_SIGN_STYLE = Automatic;
				DEVELOPMENT_TEAM = AW86T5ZXXG;
				INFOPLIST_FILE = taskappTests/Info.plist;
				LD_RUNPATH_SEARCH_PATHS = "$(inherited) @executable_path/Frameworks @loader_path/Frameworks";
				PRODUCT_BUNDLE_IDENTIFIER = jp.techacademy.toshibo.taskappTests;
				PRODUCT_NAME = "$(TARGET_NAME)";
				SWIFT_VERSION = 4.0;
				TARGETED_DEVICE_FAMILY = "1,2";
				TEST_HOST = "$(BUILT_PRODUCTS_DIR)/taskapp.app/taskapp";
			};
			name = Debug;
		};
		18E784E3205A0B260043A420 /* Release */ = {
			isa = XCBuildConfiguration;
			buildSettings = {
				ALWAYS_EMBED_SWIFT_STANDARD_LIBRARIES = YES;
				BUNDLE_LOADER = "$(TEST_HOST)";
				CODE_SIGN_STYLE = Automatic;
				DEVELOPMENT_TEAM = AW86T5ZXXG;
				INFOPLIST_FILE = taskappTests/Info.plist;
				LD_RUNPATH_SEARCH_PATHS = "$(inherited) @executable_path/Frameworks @loader_path/Frameworks";
				PRODUCT_BUNDLE_IDENTIFIER = jp.techacademy.toshibo.taskappTests;
				PRODUCT_NAME = "$(TARGET_NAME)";
				SWIFT_VERSION = 4.0;
				TARGETED_DEVICE_FAMILY = "1,2";
				TEST_HOST = "$(BUILT_PRODUCTS_DIR)/taskapp.app/taskapp";
			};
			name = Release;
		};
		18E784E5205A0B260043A420 /* Debug */ = {
			isa = XCBuildConfiguration;
			buildSettings = {
				ALWAYS_EMBED_SWIFT_STANDARD_LIBRARIES = YES;
				CODE_SIGN_STYLE = Automatic;
				DEVELOPMENT_TEAM = AW86T5ZXXG;
				INFOPLIST_FILE = taskappUITests/Info.plist;
				LD_RUNPATH_SEARCH_PATHS = "$(inherited) @executable_path/Frameworks @loader_path/Frameworks";
				PRODUCT_BUNDLE_IDENTIFIER = jp.techacademy.toshibo.taskappUITests;
				PRODUCT_NAME = "$(TARGET_NAME)";
				SWIFT_VERSION = 4.0;
				TARGETED_DEVICE_FAMILY = "1,2";
				TEST_TARGET_NAME = taskapp;
			};
			name = Debug;
		};
		18E784E6205A0B260043A420 /* Release */ = {
			isa = XCBuildConfiguration;
			buildSettings = {
				ALWAYS_EMBED_SWIFT_STANDARD_LIBRARIES = YES;
				CODE_SIGN_STYLE = Automatic;
				DEVELOPMENT_TEAM = AW86T5ZXXG;
				INFOPLIST_FILE = taskappUITests/Info.plist;
				LD_RUNPATH_SEARCH_PATHS = "$(inherited) @executable_path/Frameworks @loader_path/Frameworks";
				PRODUCT_BUNDLE_IDENTIFIER = jp.techacademy.toshibo.taskappUITests;
				PRODUCT_NAME = "$(TARGET_NAME)";
				SWIFT_VERSION = 4.0;
				TARGETED_DEVICE_FAMILY = "1,2";
				TEST_TARGET_NAME = taskapp;
			};
			name = Release;
		};
/* End XCBuildConfiguration section */

/* Begin XCConfigurationList section */
		18E784B1205A0B250043A420 /* Build configuration list for PBXProject "taskapp" */ = {
			isa = XCConfigurationList;
			buildConfigurations = (
				18E784DC205A0B260043A420 /* Debug */,
				18E784DD205A0B260043A420 /* Release */,
			);
			defaultConfigurationIsVisible = 0;
			defaultConfigurationName = Release;
		};
		18E784DE205A0B260043A420 /* Build configuration list for PBXNativeTarget "taskapp" */ = {
			isa = XCConfigurationList;
			buildConfigurations = (
				18E784DF205A0B260043A420 /* Debug */,
				18E784E0205A0B260043A420 /* Release */,
			);
			defaultConfigurationIsVisible = 0;
			defaultConfigurationName = Release;
		};
		18E784E1205A0B260043A420 /* Build configuration list for PBXNativeTarget "taskappTests" */ = {
			isa = XCConfigurationList;
			buildConfigurations = (
				18E784E2205A0B260043A420 /* Debug */,
				18E784E3205A0B260043A420 /* Release */,
			);
			defaultConfigurationIsVisible = 0;
			defaultConfigurationName = Release;
		};
		18E784E4205A0B260043A420 /* Build configuration list for PBXNativeTarget "taskappUITests" */ = {
			isa = XCConfigurationList;
			buildConfigurations = (
				18E784E5205A0B260043A420 /* Debug */,
				18E784E6205A0B260043A420 /* Release */,
			);
			defaultConfigurationIsVisible = 0;
			defaultConfigurationName = Release;
		};
/* End XCConfigurationList section */
	};
	rootObject = 18E784AE205A0B250043A420 /* Project object */;
}
